<?xml version="1.0" encoding="utf-8"?>
<Project ToolsVersion="4.0" xmlns="http://schemas.microsoft.com/developer/msbuild/2003">
  <ItemGroup>
    <ClCompile Include="core\FileIO\FileIO.cpp" />
    <ClCompile Include="core\FileIO\IORequest.cpp" />
    <ClCompile Include="core\FileIO\TextureRequest.cpp" />
    <ClCompile Include="core\JakeTest.cpp" />
    <ClCompile Include="core\math\matrix4.cpp" />
    <ClCompile Include="core\math\vec4.cpp" />
    <ClCompile Include="core\MemMgr\playground.cpp" />
    <ClCompile Include="core\MemMgr\Pool.cpp" />
    <ClCompile Include="core\MemMgr\MemMgr.cpp" />
    <ClCompile Include="core\math\matrix3.cpp" />
    <ClCompile Include="core\math\transform.cpp" />
    <ClCompile Include="core\math\utils.cpp" />
    <ClCompile Include="core\math\vec3.cpp" />
    <ClCompile Include="core\ResourceMgr\ResourceMgr.cpp" />
    <ClCompile Include="tests\mat3tests.cpp" />
    <ClCompile Include="tests\mat4tests.cpp" />
    <ClCompile Include="tests\transformtests.cpp" />
    <ClCompile Include="tests\vec3tests.cpp" />
  </ItemGroup>
  <ItemGroup>
    <ClInclude Include="core\DataStructures\RingBuffer.h" />
    <ClInclude Include="core\FileIO\FileIO.h" />
    <ClInclude Include="core\FileIO\stb_image.h" />
    <ClInclude Include="core\math\matrix4.h" />
    <ClInclude Include="core\math\vec4.h" />
    <ClInclude Include="core\MemMgr\Pool.h" />
    <ClInclude Include="core\MemMgr\MemMgr.h" />
    <ClInclude Include="core\math\matrix3.h" />
    <ClInclude Include="core\math\transform.h" />
    <ClInclude Include="core\math\utils.h" />
    <ClInclude Include="core\math\vec3.h" />
    <ClInclude Include="core\ResourceMgr\Texture.h" />
    <ClInclude Include="core\ResourceMgr\ResourceMgr.h" />
    <ClInclude Include="core\ResourceMgr\Resources.h" />
  </ItemGroup>
</Project>